// !$*UTF8*$!
{
	archiveVersion = 1;
	classes = {
	};
	objectVersion = 50;
	objects = {

/* Begin PBXBuildFile section */
		0717B74134272E2A8F299B19 /* Pods_Desafio_PicPay_Ricardo.framework in Frameworks */ = {isa = PBXBuildFile; fileRef = 0FE26AF9B7CB48CF6AA6B779 /* Pods_Desafio_PicPay_Ricardo.framework */; };
		5FB7BC2CA9B4C0EC1502A93F /* Pods_Desafio_PicPay_RicardoTests.framework in Frameworks */ = {isa = PBXBuildFile; fileRef = 2CB227B35E6A527EEB8150FD /* Pods_Desafio_PicPay_RicardoTests.framework */; };
		FA1613C5225EB8A100F0B055 /* HomeTableViewController.swift in Sources */ = {isa = PBXBuildFile; fileRef = FA1613C4225EB8A100F0B055 /* HomeTableViewController.swift */; };
		FA1613C8225EBB5E00F0B055 /* UserTableViewCell.swift in Sources */ = {isa = PBXBuildFile; fileRef = FA1613C6225EBB5E00F0B055 /* UserTableViewCell.swift */; };
		FA1613C9225EBB5E00F0B055 /* UserTableViewCell.xib in Resources */ = {isa = PBXBuildFile; fileRef = FA1613C7225EBB5E00F0B055 /* UserTableViewCell.xib */; };
		FA1613CC225EC12700F0B055 /* SearchHeaderTableViewCell.swift in Sources */ = {isa = PBXBuildFile; fileRef = FA1613CA225EC12700F0B055 /* SearchHeaderTableViewCell.swift */; };
		FA1613CD225EC12700F0B055 /* SearchHeaderTableViewCell.xib in Resources */ = {isa = PBXBuildFile; fileRef = FA1613CB225EC12700F0B055 /* SearchHeaderTableViewCell.xib */; };
		FA1613D1225ED53500F0B055 /* RHButton.swift in Sources */ = {isa = PBXBuildFile; fileRef = FA1613D0225ED53500F0B055 /* RHButton.swift */; };
		FA1613D3225ED60A00F0B055 /* CreditCardOnboardingViewController.swift in Sources */ = {isa = PBXBuildFile; fileRef = FA1613D2225ED60A00F0B055 /* CreditCardOnboardingViewController.swift */; };
		FA1613D5225ED7BE00F0B055 /* AppColors.swift in Sources */ = {isa = PBXBuildFile; fileRef = FA1613D4225ED7BE00F0B055 /* AppColors.swift */; };
		FA1613D7225EDAC400F0B055 /* NewCreditCardViewController.swift in Sources */ = {isa = PBXBuildFile; fileRef = FA1613D6225EDAC400F0B055 /* NewCreditCardViewController.swift */; };
		FA1613D9225EDCBE00F0B055 /* RHFloatingTextField.swift in Sources */ = {isa = PBXBuildFile; fileRef = FA1613D8225EDCBE00F0B055 /* RHFloatingTextField.swift */; };
		FA1613DB225EE70700F0B055 /* UITextField+Extensions.swift in Sources */ = {isa = PBXBuildFile; fileRef = FA1613DA225EE70700F0B055 /* UITextField+Extensions.swift */; };
		FA1613DD225EE74100F0B055 /* String+Extensions.swift in Sources */ = {isa = PBXBuildFile; fileRef = FA1613DC225EE74100F0B055 /* String+Extensions.swift */; };
		FA1613E0225EECC400F0B055 /* PayFooterTableViewCell.swift in Sources */ = {isa = PBXBuildFile; fileRef = FA1613DE225EECC400F0B055 /* PayFooterTableViewCell.swift */; };
		FA1613E1225EECC400F0B055 /* PayFooterTableViewCell.xib in Resources */ = {isa = PBXBuildFile; fileRef = FA1613DF225EECC400F0B055 /* PayFooterTableViewCell.xib */; };
		FA49FEC1225EAAF800693C08 /* R.generated.swift in Sources */ = {isa = PBXBuildFile; fileRef = FA49FEC0225EAAF800693C08 /* R.generated.swift */; };
		FA49FEC4225EAB9900693C08 /* RequestManager.swift in Sources */ = {isa = PBXBuildFile; fileRef = FA49FEC3225EAB9900693C08 /* RequestManager.swift */; };
		FA49FECD225EAC4A00693C08 /* UIImageView+Extensions.swift in Sources */ = {isa = PBXBuildFile; fileRef = FA49FEC6225EAC0B00693C08 /* UIImageView+Extensions.swift */; };
		FA49FECE225EAC4A00693C08 /* UIViewController+Extensions.swift in Sources */ = {isa = PBXBuildFile; fileRef = FA49FEC7225EAC0B00693C08 /* UIViewController+Extensions.swift */; };
		FA49FECF225EAC4A00693C08 /* UIView+Anchors.swift in Sources */ = {isa = PBXBuildFile; fileRef = FA49FEC8225EAC0B00693C08 /* UIView+Anchors.swift */; };
		FA49FED0225EAC4A00693C08 /* CustomActivityIndicator.swift in Sources */ = {isa = PBXBuildFile; fileRef = FA49FEC9225EAC0B00693C08 /* CustomActivityIndicator.swift */; };
		FA49FED1225EAC4A00693C08 /* JSONDecoder+Extensions.swift in Sources */ = {isa = PBXBuildFile; fileRef = FA49FECA225EAC0B00693C08 /* JSONDecoder+Extensions.swift */; };
		FA49FED2225EAC4A00693C08 /* Dictionary+Extensions.swift in Sources */ = {isa = PBXBuildFile; fileRef = FA49FECB225EAC0B00693C08 /* Dictionary+Extensions.swift */; };
		FA49FED4225EADEC00693C08 /* MainAPI.swift in Sources */ = {isa = PBXBuildFile; fileRef = FA49FED3225EADEC00693C08 /* MainAPI.swift */; };
		FA49FED7225EB62D00693C08 /* User.swift in Sources */ = {isa = PBXBuildFile; fileRef = FA49FED6225EB62D00693C08 /* User.swift */; };
		FA49FEDA225EB65000693C08 /* HomeViewModel.swift in Sources */ = {isa = PBXBuildFile; fileRef = FA49FED9225EB65000693C08 /* HomeViewModel.swift */; };
		FA934E26225EA51200E3B202 /* AppDelegate.swift in Sources */ = {isa = PBXBuildFile; fileRef = FA934E25225EA51200E3B202 /* AppDelegate.swift */; };
		FA934E2B225EA51200E3B202 /* Main.storyboard in Resources */ = {isa = PBXBuildFile; fileRef = FA934E29225EA51200E3B202 /* Main.storyboard */; };
		FA934E2E225EA51200E3B202 /* Desafio_PicPay_Ricardo.xcdatamodeld in Sources */ = {isa = PBXBuildFile; fileRef = FA934E2C225EA51200E3B202 /* Desafio_PicPay_Ricardo.xcdatamodeld */; };
		FA934E30225EA51300E3B202 /* Assets.xcassets in Resources */ = {isa = PBXBuildFile; fileRef = FA934E2F225EA51300E3B202 /* Assets.xcassets */; };
		FA934E33225EA51300E3B202 /* LaunchScreen.storyboard in Resources */ = {isa = PBXBuildFile; fileRef = FA934E31225EA51300E3B202 /* LaunchScreen.storyboard */; };
		FA934E3E225EA51300E3B202 /* Desafio_PicPay_RicardoTests.swift in Sources */ = {isa = PBXBuildFile; fileRef = FA934E3D225EA51300E3B202 /* Desafio_PicPay_RicardoTests.swift */; };
		FADE617F225F870000BAE7B1 /* CreditCard.swift in Sources */ = {isa = PBXBuildFile; fileRef = FADE617E225F870000BAE7B1 /* CreditCard.swift */; };
		FADE6181225F8AC500BAE7B1 /* CreditCardManager.swift in Sources */ = {isa = PBXBuildFile; fileRef = FADE6180225F8AC500BAE7B1 /* CreditCardManager.swift */; };
		FADE6183225F91FD00BAE7B1 /* PaymentFlowViewModel.swift in Sources */ = {isa = PBXBuildFile; fileRef = FADE6182225F91FD00BAE7B1 /* PaymentFlowViewModel.swift */; };
		FADE6185225F93DF00BAE7B1 /* PaymentModel.swift in Sources */ = {isa = PBXBuildFile; fileRef = FADE6184225F93DF00BAE7B1 /* PaymentModel.swift */; };
		FAF1B05E225FE656007D9E53 /* ConfirmationViewController.swift in Sources */ = {isa = PBXBuildFile; fileRef = FAF1B05D225FE656007D9E53 /* ConfirmationViewController.swift */; };
		FAF1B062225FED10007D9E53 /* CoreDataManager.swift in Sources */ = {isa = PBXBuildFile; fileRef = FAF1B060225FED10007D9E53 /* CoreDataManager.swift */; };
		FAF1B063225FED10007D9E53 /* MoviePersistenceManager.swift in Sources */ = {isa = PBXBuildFile; fileRef = FAF1B061225FED10007D9E53 /* MoviePersistenceManager.swift */; };
		FAF1B065225FFBD8007D9E53 /* PaymentResponse.swift in Sources */ = {isa = PBXBuildFile; fileRef = FAF1B064225FFBD8007D9E53 /* PaymentResponse.swift */; };
		FAF1B06722600125007D9E53 /* NotificationCenterManager.swift in Sources */ = {isa = PBXBuildFile; fileRef = FAF1B06622600125007D9E53 /* NotificationCenterManager.swift */; };
/* End PBXBuildFile section */

/* Begin PBXContainerItemProxy section */
		FA934E3A225EA51300E3B202 /* PBXContainerItemProxy */ = {
			isa = PBXContainerItemProxy;
			containerPortal = FA934E1A225EA51200E3B202 /* Project object */;
			proxyType = 1;
			remoteGlobalIDString = FA934E21225EA51200E3B202;
			remoteInfo = "Desafio-PicPay-Ricardo";
		};
/* End PBXContainerItemProxy section */

/* Begin PBXFileReference section */
		0FE26AF9B7CB48CF6AA6B779 /* Pods_Desafio_PicPay_Ricardo.framework */ = {isa = PBXFileReference; explicitFileType = wrapper.framework; includeInIndex = 0; path = Pods_Desafio_PicPay_Ricardo.framework; sourceTree = BUILT_PRODUCTS_DIR; };
		2CB227B35E6A527EEB8150FD /* Pods_Desafio_PicPay_RicardoTests.framework */ = {isa = PBXFileReference; explicitFileType = wrapper.framework; includeInIndex = 0; path = Pods_Desafio_PicPay_RicardoTests.framework; sourceTree = BUILT_PRODUCTS_DIR; };
		40D0E1E435AD5C483D4437E4 /* Pods-Desafio-PicPay-Ricardo.debug.xcconfig */ = {isa = PBXFileReference; includeInIndex = 1; lastKnownFileType = text.xcconfig; name = "Pods-Desafio-PicPay-Ricardo.debug.xcconfig"; path = "Pods/Target Support Files/Pods-Desafio-PicPay-Ricardo/Pods-Desafio-PicPay-Ricardo.debug.xcconfig"; sourceTree = "<group>"; };
		A6B034967242A0158E59B79E /* Pods-Desafio-PicPay-Ricardo.release.xcconfig */ = {isa = PBXFileReference; includeInIndex = 1; lastKnownFileType = text.xcconfig; name = "Pods-Desafio-PicPay-Ricardo.release.xcconfig"; path = "Pods/Target Support Files/Pods-Desafio-PicPay-Ricardo/Pods-Desafio-PicPay-Ricardo.release.xcconfig"; sourceTree = "<group>"; };
		B75C8CF82AF9076033603124 /* Pods-Desafio-PicPay-RicardoTests.debug.xcconfig */ = {isa = PBXFileReference; includeInIndex = 1; lastKnownFileType = text.xcconfig; name = "Pods-Desafio-PicPay-RicardoTests.debug.xcconfig"; path = "Pods/Target Support Files/Pods-Desafio-PicPay-RicardoTests/Pods-Desafio-PicPay-RicardoTests.debug.xcconfig"; sourceTree = "<group>"; };
		D4915BEFDE0235BD12117B51 /* Pods-Desafio-PicPay-RicardoTests.release.xcconfig */ = {isa = PBXFileReference; includeInIndex = 1; lastKnownFileType = text.xcconfig; name = "Pods-Desafio-PicPay-RicardoTests.release.xcconfig"; path = "Pods/Target Support Files/Pods-Desafio-PicPay-RicardoTests/Pods-Desafio-PicPay-RicardoTests.release.xcconfig"; sourceTree = "<group>"; };
		FA1613C4225EB8A100F0B055 /* HomeTableViewController.swift */ = {isa = PBXFileReference; lastKnownFileType = sourcecode.swift; path = HomeTableViewController.swift; sourceTree = "<group>"; };
		FA1613C6225EBB5E00F0B055 /* UserTableViewCell.swift */ = {isa = PBXFileReference; lastKnownFileType = sourcecode.swift; path = UserTableViewCell.swift; sourceTree = "<group>"; };
		FA1613C7225EBB5E00F0B055 /* UserTableViewCell.xib */ = {isa = PBXFileReference; lastKnownFileType = file.xib; path = UserTableViewCell.xib; sourceTree = "<group>"; };
		FA1613CA225EC12700F0B055 /* SearchHeaderTableViewCell.swift */ = {isa = PBXFileReference; lastKnownFileType = sourcecode.swift; path = SearchHeaderTableViewCell.swift; sourceTree = "<group>"; };
		FA1613CB225EC12700F0B055 /* SearchHeaderTableViewCell.xib */ = {isa = PBXFileReference; lastKnownFileType = file.xib; path = SearchHeaderTableViewCell.xib; sourceTree = "<group>"; };
		FA1613D0225ED53500F0B055 /* RHButton.swift */ = {isa = PBXFileReference; lastKnownFileType = sourcecode.swift; path = RHButton.swift; sourceTree = "<group>"; };
		FA1613D2225ED60A00F0B055 /* CreditCardOnboardingViewController.swift */ = {isa = PBXFileReference; lastKnownFileType = sourcecode.swift; path = CreditCardOnboardingViewController.swift; sourceTree = "<group>"; };
		FA1613D4225ED7BE00F0B055 /* AppColors.swift */ = {isa = PBXFileReference; lastKnownFileType = sourcecode.swift; path = AppColors.swift; sourceTree = "<group>"; };
		FA1613D6225EDAC400F0B055 /* NewCreditCardViewController.swift */ = {isa = PBXFileReference; lastKnownFileType = sourcecode.swift; path = NewCreditCardViewController.swift; sourceTree = "<group>"; };
		FA1613D8225EDCBE00F0B055 /* RHFloatingTextField.swift */ = {isa = PBXFileReference; lastKnownFileType = sourcecode.swift; path = RHFloatingTextField.swift; sourceTree = "<group>"; };
		FA1613DA225EE70700F0B055 /* UITextField+Extensions.swift */ = {isa = PBXFileReference; lastKnownFileType = sourcecode.swift; path = "UITextField+Extensions.swift"; sourceTree = "<group>"; };
		FA1613DC225EE74100F0B055 /* String+Extensions.swift */ = {isa = PBXFileReference; lastKnownFileType = sourcecode.swift; path = "String+Extensions.swift"; sourceTree = "<group>"; };
		FA1613DE225EECC400F0B055 /* PayFooterTableViewCell.swift */ = {isa = PBXFileReference; lastKnownFileType = sourcecode.swift; path = PayFooterTableViewCell.swift; sourceTree = "<group>"; };
		FA1613DF225EECC400F0B055 /* PayFooterTableViewCell.xib */ = {isa = PBXFileReference; lastKnownFileType = file.xib; path = PayFooterTableViewCell.xib; sourceTree = "<group>"; };
		FA49FEC0225EAAF800693C08 /* R.generated.swift */ = {isa = PBXFileReference; fileEncoding = 4; lastKnownFileType = sourcecode.swift; path = R.generated.swift; sourceTree = SOURCE_ROOT; };
		FA49FEC3225EAB9900693C08 /* RequestManager.swift */ = {isa = PBXFileReference; lastKnownFileType = sourcecode.swift; path = RequestManager.swift; sourceTree = "<group>"; };
		FA49FEC6225EAC0B00693C08 /* UIImageView+Extensions.swift */ = {isa = PBXFileReference; lastKnownFileType = sourcecode.swift; path = "UIImageView+Extensions.swift"; sourceTree = "<group>"; };
		FA49FEC7225EAC0B00693C08 /* UIViewController+Extensions.swift */ = {isa = PBXFileReference; lastKnownFileType = sourcecode.swift; path = "UIViewController+Extensions.swift"; sourceTree = "<group>"; };
		FA49FEC8225EAC0B00693C08 /* UIView+Anchors.swift */ = {isa = PBXFileReference; lastKnownFileType = sourcecode.swift; path = "UIView+Anchors.swift"; sourceTree = "<group>"; };
		FA49FEC9225EAC0B00693C08 /* CustomActivityIndicator.swift */ = {isa = PBXFileReference; lastKnownFileType = sourcecode.swift; path = CustomActivityIndicator.swift; sourceTree = "<group>"; };
		FA49FECA225EAC0B00693C08 /* JSONDecoder+Extensions.swift */ = {isa = PBXFileReference; lastKnownFileType = sourcecode.swift; path = "JSONDecoder+Extensions.swift"; sourceTree = "<group>"; };
		FA49FECB225EAC0B00693C08 /* Dictionary+Extensions.swift */ = {isa = PBXFileReference; lastKnownFileType = sourcecode.swift; path = "Dictionary+Extensions.swift"; sourceTree = "<group>"; };
		FA49FED3225EADEC00693C08 /* MainAPI.swift */ = {isa = PBXFileReference; lastKnownFileType = sourcecode.swift; path = MainAPI.swift; sourceTree = "<group>"; };
		FA49FED6225EB62D00693C08 /* User.swift */ = {isa = PBXFileReference; lastKnownFileType = sourcecode.swift; path = User.swift; sourceTree = "<group>"; };
		FA49FED9225EB65000693C08 /* HomeViewModel.swift */ = {isa = PBXFileReference; lastKnownFileType = sourcecode.swift; path = HomeViewModel.swift; sourceTree = "<group>"; };
		FA934E22225EA51200E3B202 /* Desafio-PicPay-Ricardo.app */ = {isa = PBXFileReference; explicitFileType = wrapper.application; includeInIndex = 0; path = "Desafio-PicPay-Ricardo.app"; sourceTree = BUILT_PRODUCTS_DIR; };
		FA934E25225EA51200E3B202 /* AppDelegate.swift */ = {isa = PBXFileReference; lastKnownFileType = sourcecode.swift; path = AppDelegate.swift; sourceTree = "<group>"; };
		FA934E2A225EA51200E3B202 /* Base */ = {isa = PBXFileReference; lastKnownFileType = file.storyboard; name = Base; path = Base.lproj/Main.storyboard; sourceTree = "<group>"; };
		FA934E2D225EA51200E3B202 /* Desafio_PicPay_Ricardo.xcdatamodel */ = {isa = PBXFileReference; lastKnownFileType = wrapper.xcdatamodel; path = Desafio_PicPay_Ricardo.xcdatamodel; sourceTree = "<group>"; };
		FA934E2F225EA51300E3B202 /* Assets.xcassets */ = {isa = PBXFileReference; lastKnownFileType = folder.assetcatalog; path = Assets.xcassets; sourceTree = "<group>"; };
		FA934E32225EA51300E3B202 /* Base */ = {isa = PBXFileReference; lastKnownFileType = file.storyboard; name = Base; path = Base.lproj/LaunchScreen.storyboard; sourceTree = "<group>"; };
		FA934E34225EA51300E3B202 /* Info.plist */ = {isa = PBXFileReference; lastKnownFileType = text.plist.xml; path = Info.plist; sourceTree = "<group>"; };
		FA934E39225EA51300E3B202 /* Desafio-PicPay-RicardoTests.xctest */ = {isa = PBXFileReference; explicitFileType = wrapper.cfbundle; includeInIndex = 0; path = "Desafio-PicPay-RicardoTests.xctest"; sourceTree = BUILT_PRODUCTS_DIR; };
		FA934E3D225EA51300E3B202 /* Desafio_PicPay_RicardoTests.swift */ = {isa = PBXFileReference; lastKnownFileType = sourcecode.swift; path = Desafio_PicPay_RicardoTests.swift; sourceTree = "<group>"; };
		FA934E3F225EA51300E3B202 /* Info.plist */ = {isa = PBXFileReference; lastKnownFileType = text.plist.xml; path = Info.plist; sourceTree = "<group>"; };
		FADE617E225F870000BAE7B1 /* CreditCard.swift */ = {isa = PBXFileReference; lastKnownFileType = sourcecode.swift; path = CreditCard.swift; sourceTree = "<group>"; };
		FADE6180225F8AC500BAE7B1 /* CreditCardManager.swift */ = {isa = PBXFileReference; lastKnownFileType = sourcecode.swift; path = CreditCardManager.swift; sourceTree = "<group>"; };
		FADE6182225F91FD00BAE7B1 /* PaymentFlowViewModel.swift */ = {isa = PBXFileReference; lastKnownFileType = sourcecode.swift; path = PaymentFlowViewModel.swift; sourceTree = "<group>"; };
		FADE6184225F93DF00BAE7B1 /* PaymentModel.swift */ = {isa = PBXFileReference; lastKnownFileType = sourcecode.swift; path = PaymentModel.swift; sourceTree = "<group>"; };
		FAF1B05D225FE656007D9E53 /* ConfirmationViewController.swift */ = {isa = PBXFileReference; lastKnownFileType = sourcecode.swift; path = ConfirmationViewController.swift; sourceTree = "<group>"; };
		FAF1B060225FED10007D9E53 /* CoreDataManager.swift */ = {isa = PBXFileReference; fileEncoding = 4; lastKnownFileType = sourcecode.swift; path = CoreDataManager.swift; sourceTree = "<group>"; };
		FAF1B061225FED10007D9E53 /* MoviePersistenceManager.swift */ = {isa = PBXFileReference; fileEncoding = 4; lastKnownFileType = sourcecode.swift; path = MoviePersistenceManager.swift; sourceTree = "<group>"; };
		FAF1B064225FFBD8007D9E53 /* PaymentResponse.swift */ = {isa = PBXFileReference; lastKnownFileType = sourcecode.swift; path = PaymentResponse.swift; sourceTree = "<group>"; };
		FAF1B06622600125007D9E53 /* NotificationCenterManager.swift */ = {isa = PBXFileReference; lastKnownFileType = sourcecode.swift; path = NotificationCenterManager.swift; sourceTree = "<group>"; };
/* End PBXFileReference section */

/* Begin PBXFrameworksBuildPhase section */
		FA934E1F225EA51200E3B202 /* Frameworks */ = {
			isa = PBXFrameworksBuildPhase;
			buildActionMask = 2147483647;
			files = (
				0717B74134272E2A8F299B19 /* Pods_Desafio_PicPay_Ricardo.framework in Frameworks */,
			);
			runOnlyForDeploymentPostprocessing = 0;
		};
		FA934E36225EA51300E3B202 /* Frameworks */ = {
			isa = PBXFrameworksBuildPhase;
			buildActionMask = 2147483647;
			files = (
				5FB7BC2CA9B4C0EC1502A93F /* Pods_Desafio_PicPay_RicardoTests.framework in Frameworks */,
			);
			runOnlyForDeploymentPostprocessing = 0;
		};
/* End PBXFrameworksBuildPhase section */

/* Begin PBXGroup section */
		5BE0FE5B5DF159F337B86110 /* Pods */ = {
			isa = PBXGroup;
			children = (
				40D0E1E435AD5C483D4437E4 /* Pods-Desafio-PicPay-Ricardo.debug.xcconfig */,
				A6B034967242A0158E59B79E /* Pods-Desafio-PicPay-Ricardo.release.xcconfig */,
				B75C8CF82AF9076033603124 /* Pods-Desafio-PicPay-RicardoTests.debug.xcconfig */,
				D4915BEFDE0235BD12117B51 /* Pods-Desafio-PicPay-RicardoTests.release.xcconfig */,
			);
			name = Pods;
			sourceTree = "<group>";
		};
		A2085C6A332CB0CF26A22EEB /* Frameworks */ = {
			isa = PBXGroup;
			children = (
				0FE26AF9B7CB48CF6AA6B779 /* Pods_Desafio_PicPay_Ricardo.framework */,
				2CB227B35E6A527EEB8150FD /* Pods_Desafio_PicPay_RicardoTests.framework */,
			);
			name = Frameworks;
			sourceTree = "<group>";
		};
		FA0C151E225EAA960026E835 /* Resources */ = {
			isa = PBXGroup;
			children = (
				FA49FEC0225EAAF800693C08 /* R.generated.swift */,
			);
			path = Resources;
			sourceTree = "<group>";
		};
		FA49FEC2225EAB7D00693C08 /* Networking */ = {
			isa = PBXGroup;
			children = (
				FA49FEC3225EAB9900693C08 /* RequestManager.swift */,
				FA49FED3225EADEC00693C08 /* MainAPI.swift */,
			);
			path = Networking;
			sourceTree = "<group>";
		};
		FA49FEC5225EAC0B00693C08 /* Extensions */ = {
			isa = PBXGroup;
			children = (
				FADE6180225F8AC500BAE7B1 /* CreditCardManager.swift */,
				FA1613D0225ED53500F0B055 /* RHButton.swift */,
				FA49FEC6225EAC0B00693C08 /* UIImageView+Extensions.swift */,
				FA49FEC7225EAC0B00693C08 /* UIViewController+Extensions.swift */,
				FA49FEC8225EAC0B00693C08 /* UIView+Anchors.swift */,
				FA49FEC9225EAC0B00693C08 /* CustomActivityIndicator.swift */,
				FA49FECA225EAC0B00693C08 /* JSONDecoder+Extensions.swift */,
				FA49FECB225EAC0B00693C08 /* Dictionary+Extensions.swift */,
				FA1613D4225ED7BE00F0B055 /* AppColors.swift */,
				FA1613D8225EDCBE00F0B055 /* RHFloatingTextField.swift */,
				FA1613DA225EE70700F0B055 /* UITextField+Extensions.swift */,
				FA1613DC225EE74100F0B055 /* String+Extensions.swift */,
				FAF1B06622600125007D9E53 /* NotificationCenterManager.swift */,
			);
			path = Extensions;
			sourceTree = "<group>";
		};
		FA49FED5225EB62300693C08 /* Models */ = {
			isa = PBXGroup;
			children = (
				FA49FED6225EB62D00693C08 /* User.swift */,
				FADE617E225F870000BAE7B1 /* CreditCard.swift */,
				FADE6184225F93DF00BAE7B1 /* PaymentModel.swift */,
				FAF1B064225FFBD8007D9E53 /* PaymentResponse.swift */,
			);
			path = Models;
			sourceTree = "<group>";
		};
		FA49FED8225EB63C00693C08 /* ViewModels */ = {
			isa = PBXGroup;
			children = (
				FA49FED9225EB65000693C08 /* HomeViewModel.swift */,
				FADE6182225F91FD00BAE7B1 /* PaymentFlowViewModel.swift */,
			);
			path = ViewModels;
			sourceTree = "<group>";
		};
		FA49FEDB225EB79C00693C08 /* Views */ = {
			isa = PBXGroup;
			children = (
				FA1613C6225EBB5E00F0B055 /* UserTableViewCell.swift */,
				FA1613C7225EBB5E00F0B055 /* UserTableViewCell.xib */,
				FA1613CA225EC12700F0B055 /* SearchHeaderTableViewCell.swift */,
				FA1613CB225EC12700F0B055 /* SearchHeaderTableViewCell.xib */,
				FA1613DE225EECC400F0B055 /* PayFooterTableViewCell.swift */,
				FA1613DF225EECC400F0B055 /* PayFooterTableViewCell.xib */,
			);
			path = Views;
			sourceTree = "<group>";
		};
		FA49FEDC225EB7A700693C08 /* Controllers */ = {
			isa = PBXGroup;
			children = (
				FA1613C4225EB8A100F0B055 /* HomeTableViewController.swift */,
				FA1613D2225ED60A00F0B055 /* CreditCardOnboardingViewController.swift */,
				FA1613D6225EDAC400F0B055 /* NewCreditCardViewController.swift */,
				FAF1B05D225FE656007D9E53 /* ConfirmationViewController.swift */,
			);
			path = Controllers;
			sourceTree = "<group>";
		};
		FA49FEDE225EB7C500693C08 /* Layout */ = {
			isa = PBXGroup;
			children = (
				FA934E29225EA51200E3B202 /* Main.storyboard */,
				FA934E31225EA51300E3B202 /* LaunchScreen.storyboard */,
			);
			path = Layout;
			sourceTree = "<group>";
		};
		FA934E19225EA51200E3B202 = {
			isa = PBXGroup;
			children = (
				FA934E24225EA51200E3B202 /* Desafio-PicPay-Ricardo */,
				FA934E3C225EA51300E3B202 /* Desafio-PicPay-RicardoTests */,
				FA934E23225EA51200E3B202 /* Products */,
				5BE0FE5B5DF159F337B86110 /* Pods */,
				A2085C6A332CB0CF26A22EEB /* Frameworks */,
			);
			sourceTree = "<group>";
		};
		FA934E23225EA51200E3B202 /* Products */ = {
			isa = PBXGroup;
			children = (
				FA934E22225EA51200E3B202 /* Desafio-PicPay-Ricardo.app */,
				FA934E39225EA51300E3B202 /* Desafio-PicPay-RicardoTests.xctest */,
			);
			name = Products;
			sourceTree = "<group>";
		};
		FA934E24225EA51200E3B202 /* Desafio-PicPay-Ricardo */ = {
			isa = PBXGroup;
			children = (
				FA934E25225EA51200E3B202 /* AppDelegate.swift */,
				FA49FEC2225EAB7D00693C08 /* Networking */,
				FAF1B05F225FED03007D9E53 /* Coredata */,
				FA49FED5225EB62300693C08 /* Models */,
				FA49FED8225EB63C00693C08 /* ViewModels */,
				FA49FEDC225EB7A700693C08 /* Controllers */,
				FA49FEDB225EB79C00693C08 /* Views */,
				FA49FEDE225EB7C500693C08 /* Layout */,
				FA934E2F225EA51300E3B202 /* Assets.xcassets */,
				FA49FEC5225EAC0B00693C08 /* Extensions */,
				FA934E34225EA51300E3B202 /* Info.plist */,
				FA934E2C225EA51200E3B202 /* Desafio_PicPay_Ricardo.xcdatamodeld */,
				FA0C151E225EAA960026E835 /* Resources */,
			);
			path = "Desafio-PicPay-Ricardo";
			sourceTree = "<group>";
		};
		FA934E3C225EA51300E3B202 /* Desafio-PicPay-RicardoTests */ = {
			isa = PBXGroup;
			children = (
				FA934E3D225EA51300E3B202 /* Desafio_PicPay_RicardoTests.swift */,
				FA934E3F225EA51300E3B202 /* Info.plist */,
			);
			path = "Desafio-PicPay-RicardoTests";
			sourceTree = "<group>";
		};
		FAF1B05F225FED03007D9E53 /* Coredata */ = {
			isa = PBXGroup;
			children = (
				FAF1B060225FED10007D9E53 /* CoreDataManager.swift */,
				FAF1B061225FED10007D9E53 /* MoviePersistenceManager.swift */,
			);
			path = Coredata;
			sourceTree = "<group>";
		};
/* End PBXGroup section */

/* Begin PBXNativeTarget section */
		FA934E21225EA51200E3B202 /* Desafio-PicPay-Ricardo */ = {
			isa = PBXNativeTarget;
			buildConfigurationList = FA934E42225EA51300E3B202 /* Build configuration list for PBXNativeTarget "Desafio-PicPay-Ricardo" */;
			buildPhases = (
				49F8F691F454EB3D231214FC /* [CP] Check Pods Manifest.lock */,
				FA48BBEB225EA94A003CE401 /* RSwift */,
				FA934E1E225EA51200E3B202 /* Sources */,
				FA934E1F225EA51200E3B202 /* Frameworks */,
				FA934E20225EA51200E3B202 /* Resources */,
				955B9EBD4A187D505AFB6D0D /* [CP] Embed Pods Frameworks */,
				FA48BBEC225EA967003CE401 /* Swiftlint */,
			);
			buildRules = (
			);
			dependencies = (
			);
			name = "Desafio-PicPay-Ricardo";
			productName = "Desafio-PicPay-Ricardo";
			productReference = FA934E22225EA51200E3B202 /* Desafio-PicPay-Ricardo.app */;
			productType = "com.apple.product-type.application";
		};
		FA934E38225EA51300E3B202 /* Desafio-PicPay-RicardoTests */ = {
			isa = PBXNativeTarget;
			buildConfigurationList = FA934E45225EA51300E3B202 /* Build configuration list for PBXNativeTarget "Desafio-PicPay-RicardoTests" */;
			buildPhases = (
				01D952E1938076D536565635 /* [CP] Check Pods Manifest.lock */,
				FA934E35225EA51300E3B202 /* Sources */,
				FA934E36225EA51300E3B202 /* Frameworks */,
				FA934E37225EA51300E3B202 /* Resources */,
			);
			buildRules = (
			);
			dependencies = (
				FA934E3B225EA51300E3B202 /* PBXTargetDependency */,
			);
			name = "Desafio-PicPay-RicardoTests";
			productName = "Desafio-PicPay-RicardoTests";
			productReference = FA934E39225EA51300E3B202 /* Desafio-PicPay-RicardoTests.xctest */;
			productType = "com.apple.product-type.bundle.unit-test";
		};
/* End PBXNativeTarget section */

/* Begin PBXProject section */
		FA934E1A225EA51200E3B202 /* Project object */ = {
			isa = PBXProject;
			attributes = {
				LastSwiftUpdateCheck = 1010;
				LastUpgradeCheck = 1010;
				ORGANIZATIONNAME = "Ricardo Hochman";
				TargetAttributes = {
					FA934E21225EA51200E3B202 = {
						CreatedOnToolsVersion = 10.1;
					};
					FA934E38225EA51300E3B202 = {
						CreatedOnToolsVersion = 10.1;
						TestTargetID = FA934E21225EA51200E3B202;
					};
				};
			};
			buildConfigurationList = FA934E1D225EA51200E3B202 /* Build configuration list for PBXProject "Desafio-PicPay-Ricardo" */;
			compatibilityVersion = "Xcode 9.3";
			developmentRegion = en;
			hasScannedForEncodings = 0;
			knownRegions = (
				en,
				Base,
			);
			mainGroup = FA934E19225EA51200E3B202;
			productRefGroup = FA934E23225EA51200E3B202 /* Products */;
			projectDirPath = "";
			projectRoot = "";
			targets = (
				FA934E21225EA51200E3B202 /* Desafio-PicPay-Ricardo */,
				FA934E38225EA51300E3B202 /* Desafio-PicPay-RicardoTests */,
			);
		};
/* End PBXProject section */

/* Begin PBXResourcesBuildPhase section */
		FA934E20225EA51200E3B202 /* Resources */ = {
			isa = PBXResourcesBuildPhase;
			buildActionMask = 2147483647;
			files = (
				FA1613C9225EBB5E00F0B055 /* UserTableViewCell.xib in Resources */,
				FA1613E1225EECC400F0B055 /* PayFooterTableViewCell.xib in Resources */,
				FA934E33225EA51300E3B202 /* LaunchScreen.storyboard in Resources */,
				FA934E30225EA51300E3B202 /* Assets.xcassets in Resources */,
				FA1613CD225EC12700F0B055 /* SearchHeaderTableViewCell.xib in Resources */,
				FA934E2B225EA51200E3B202 /* Main.storyboard in Resources */,
			);
			runOnlyForDeploymentPostprocessing = 0;
		};
		FA934E37225EA51300E3B202 /* Resources */ = {
			isa = PBXResourcesBuildPhase;
			buildActionMask = 2147483647;
			files = (
			);
			runOnlyForDeploymentPostprocessing = 0;
		};
/* End PBXResourcesBuildPhase section */

/* Begin PBXShellScriptBuildPhase section */
		01D952E1938076D536565635 /* [CP] Check Pods Manifest.lock */ = {
			isa = PBXShellScriptBuildPhase;
			buildActionMask = 2147483647;
			files = (
			);
			inputFileListPaths = (
			);
			inputPaths = (
				"${PODS_PODFILE_DIR_PATH}/Podfile.lock",
				"${PODS_ROOT}/Manifest.lock",
			);
			name = "[CP] Check Pods Manifest.lock";
			outputFileListPaths = (
			);
			outputPaths = (
				"$(DERIVED_FILE_DIR)/Pods-Desafio-PicPay-RicardoTests-checkManifestLockResult.txt",
			);
			runOnlyForDeploymentPostprocessing = 0;
			shellPath = /bin/sh;
			shellScript = "diff \"${PODS_PODFILE_DIR_PATH}/Podfile.lock\" \"${PODS_ROOT}/Manifest.lock\" > /dev/null\nif [ $? != 0 ] ; then\n    # print error to STDERR\n    echo \"error: The sandbox is not in sync with the Podfile.lock. Run 'pod install' or update your CocoaPods installation.\" >&2\n    exit 1\nfi\n# This output is used by Xcode 'outputs' to avoid re-running this script phase.\necho \"SUCCESS\" > \"${SCRIPT_OUTPUT_FILE_0}\"\n";
			showEnvVarsInLog = 0;
		};
		49F8F691F454EB3D231214FC /* [CP] Check Pods Manifest.lock */ = {
			isa = PBXShellScriptBuildPhase;
			buildActionMask = 2147483647;
			files = (
			);
			inputFileListPaths = (
			);
			inputPaths = (
				"${PODS_PODFILE_DIR_PATH}/Podfile.lock",
				"${PODS_ROOT}/Manifest.lock",
			);
			name = "[CP] Check Pods Manifest.lock";
			outputFileListPaths = (
			);
			outputPaths = (
				"$(DERIVED_FILE_DIR)/Pods-Desafio-PicPay-Ricardo-checkManifestLockResult.txt",
			);
			runOnlyForDeploymentPostprocessing = 0;
			shellPath = /bin/sh;
			shellScript = "diff \"${PODS_PODFILE_DIR_PATH}/Podfile.lock\" \"${PODS_ROOT}/Manifest.lock\" > /dev/null\nif [ $? != 0 ] ; then\n    # print error to STDERR\n    echo \"error: The sandbox is not in sync with the Podfile.lock. Run 'pod install' or update your CocoaPods installation.\" >&2\n    exit 1\nfi\n# This output is used by Xcode 'outputs' to avoid re-running this script phase.\necho \"SUCCESS\" > \"${SCRIPT_OUTPUT_FILE_0}\"\n";
			showEnvVarsInLog = 0;
		};
		955B9EBD4A187D505AFB6D0D /* [CP] Embed Pods Frameworks */ = {
			isa = PBXShellScriptBuildPhase;
			buildActionMask = 2147483647;
			files = (
			);
			inputFileListPaths = (
			);
			inputPaths = (
				"${SRCROOT}/Pods/Target Support Files/Pods-Desafio-PicPay-Ricardo/Pods-Desafio-PicPay-Ricardo-frameworks.sh",
				"${BUILT_PRODUCTS_DIR}/Alamofire/Alamofire.framework",
				"${BUILT_PRODUCTS_DIR}/AlamofireImage/AlamofireImage.framework",
				"${BUILT_PRODUCTS_DIR}/AlamofireNetworkActivityIndicator/AlamofireNetworkActivityIndicator.framework",
				"${BUILT_PRODUCTS_DIR}/R.swift.Library/Rswift.framework",
			);
			name = "[CP] Embed Pods Frameworks";
			outputFileListPaths = (
			);
			outputPaths = (
				"${TARGET_BUILD_DIR}/${FRAMEWORKS_FOLDER_PATH}/Alamofire.framework",
				"${TARGET_BUILD_DIR}/${FRAMEWORKS_FOLDER_PATH}/AlamofireImage.framework",
				"${TARGET_BUILD_DIR}/${FRAMEWORKS_FOLDER_PATH}/AlamofireNetworkActivityIndicator.framework",
				"${TARGET_BUILD_DIR}/${FRAMEWORKS_FOLDER_PATH}/Rswift.framework",
			);
			runOnlyForDeploymentPostprocessing = 0;
			shellPath = /bin/sh;
			shellScript = "\"${SRCROOT}/Pods/Target Support Files/Pods-Desafio-PicPay-Ricardo/Pods-Desafio-PicPay-Ricardo-frameworks.sh\"\n";
			showEnvVarsInLog = 0;
		};
		FA48BBEB225EA94A003CE401 /* RSwift */ = {
			isa = PBXShellScriptBuildPhase;
			buildActionMask = 2147483647;
			files = (
			);
			inputFileListPaths = (
			);
			inputPaths = (
				"$TEMP_DIR/rswift-lastrun",
			);
			name = RSwift;
			outputFileListPaths = (
			);
			outputPaths = (
				$SRCROOT/R.generated.swift,
			);
			runOnlyForDeploymentPostprocessing = 0;
			shellPath = /bin/sh;
			shellScript = "\"$PODS_ROOT/R.swift/rswift\" generate \"$SRCROOT/R.generated.swift\"\n";
		};
		FA48BBEC225EA967003CE401 /* Swiftlint */ = {
			isa = PBXShellScriptBuildPhase;
			buildActionMask = 2147483647;
			files = (
			);
			inputFileListPaths = (
			);
			inputPaths = (
			);
			name = Swiftlint;
			outputFileListPaths = (
			);
			outputPaths = (
			);
			runOnlyForDeploymentPostprocessing = 0;
			shellPath = /bin/sh;
			shellScript = "\"${PODS_ROOT}/SwiftLint/swiftlint\"\n";
		};
/* End PBXShellScriptBuildPhase section */

/* Begin PBXSourcesBuildPhase section */
		FA934E1E225EA51200E3B202 /* Sources */ = {
			isa = PBXSourcesBuildPhase;
			buildActionMask = 2147483647;
			files = (
				FA1613D3225ED60A00F0B055 /* CreditCardOnboardingViewController.swift in Sources */,
				FA1613D9225EDCBE00F0B055 /* RHFloatingTextField.swift in Sources */,
				FAF1B05E225FE656007D9E53 /* ConfirmationViewController.swift in Sources */,
				FA49FED7225EB62D00693C08 /* User.swift in Sources */,
				FA49FECD225EAC4A00693C08 /* UIImageView+Extensions.swift in Sources */,
				FAF1B06722600125007D9E53 /* NotificationCenterManager.swift in Sources */,
				FADE6185225F93DF00BAE7B1 /* PaymentModel.swift in Sources */,
				FA49FECF225EAC4A00693C08 /* UIView+Anchors.swift in Sources */,
				FA49FEC4225EAB9900693C08 /* RequestManager.swift in Sources */,
				FADE617F225F870000BAE7B1 /* CreditCard.swift in Sources */,
				FA1613D1225ED53500F0B055 /* RHButton.swift in Sources */,
				FA1613C8225EBB5E00F0B055 /* UserTableViewCell.swift in Sources */,
				FA934E2E225EA51200E3B202 /* Desafio_PicPay_Ricardo.xcdatamodeld in Sources */,
				FADE6183225F91FD00BAE7B1 /* PaymentFlowViewModel.swift in Sources */,
				FA1613D5225ED7BE00F0B055 /* AppColors.swift in Sources */,
				FAF1B063225FED10007D9E53 /* MoviePersistenceManager.swift in Sources */,
				FA49FECE225EAC4A00693C08 /* UIViewController+Extensions.swift in Sources */,
				FA1613E0225EECC400F0B055 /* PayFooterTableViewCell.swift in Sources */,
				FA1613DB225EE70700F0B055 /* UITextField+Extensions.swift in Sources */,
				FA49FED0225EAC4A00693C08 /* CustomActivityIndicator.swift in Sources */,
				FAF1B062225FED10007D9E53 /* CoreDataManager.swift in Sources */,
				FA49FED1225EAC4A00693C08 /* JSONDecoder+Extensions.swift in Sources */,
				FA1613C5225EB8A100F0B055 /* HomeTableViewController.swift in Sources */,
				FA49FEDA225EB65000693C08 /* HomeViewModel.swift in Sources */,
				FA1613D7225EDAC400F0B055 /* NewCreditCardViewController.swift in Sources */,
				FA934E26225EA51200E3B202 /* AppDelegate.swift in Sources */,
				FA1613CC225EC12700F0B055 /* SearchHeaderTableViewCell.swift in Sources */,
				FA1613DD225EE74100F0B055 /* String+Extensions.swift in Sources */,
				FA49FEC1225EAAF800693C08 /* R.generated.swift in Sources */,
				FA49FED2225EAC4A00693C08 /* Dictionary+Extensions.swift in Sources */,
				FAF1B065225FFBD8007D9E53 /* PaymentResponse.swift in Sources */,
				FADE6181225F8AC500BAE7B1 /* CreditCardManager.swift in Sources */,
				FA49FED4225EADEC00693C08 /* MainAPI.swift in Sources */,
			);
			runOnlyForDeploymentPostprocessing = 0;
		};
		FA934E35225EA51300E3B202 /* Sources */ = {
			isa = PBXSourcesBuildPhase;
			buildActionMask = 2147483647;
			files = (
				FA934E3E225EA51300E3B202 /* Desafio_PicPay_RicardoTests.swift in Sources */,
			);
			runOnlyForDeploymentPostprocessing = 0;
		};
/* End PBXSourcesBuildPhase section */

/* Begin PBXTargetDependency section */
		FA934E3B225EA51300E3B202 /* PBXTargetDependency */ = {
			isa = PBXTargetDependency;
			target = FA934E21225EA51200E3B202 /* Desafio-PicPay-Ricardo */;
			targetProxy = FA934E3A225EA51300E3B202 /* PBXContainerItemProxy */;
		};
/* End PBXTargetDependency section */

/* Begin PBXVariantGroup section */
		FA934E29225EA51200E3B202 /* Main.storyboard */ = {
			isa = PBXVariantGroup;
			children = (
				FA934E2A225EA51200E3B202 /* Base */,
			);
			name = Main.storyboard;
			sourceTree = "<group>";
		};
		FA934E31225EA51300E3B202 /* LaunchScreen.storyboard */ = {
			isa = PBXVariantGroup;
			children = (
				FA934E32225EA51300E3B202 /* Base */,
			);
			name = LaunchScreen.storyboard;
			sourceTree = "<group>";
		};
/* End PBXVariantGroup section */

/* Begin XCBuildConfiguration section */
		FA934E40225EA51300E3B202 /* Debug */ = {
			isa = XCBuildConfiguration;
			buildSettings = {
				ALWAYS_SEARCH_USER_PATHS = NO;
				CLANG_ANALYZER_NONNULL = YES;
				CLANG_ANALYZER_NUMBER_OBJECT_CONVERSION = YES_AGGRESSIVE;
				CLANG_CXX_LANGUAGE_STANDARD = "gnu++14";
				CLANG_CXX_LIBRARY = "libc++";
				CLANG_ENABLE_MODULES = YES;
				CLANG_ENABLE_OBJC_ARC = YES;
				CLANG_ENABLE_OBJC_WEAK = YES;
				CLANG_WARN_BLOCK_CAPTURE_AUTORELEASING = YES;
				CLANG_WARN_BOOL_CONVERSION = YES;
				CLANG_WARN_COMMA = YES;
				CLANG_WARN_CONSTANT_CONVERSION = YES;
				CLANG_WARN_DEPRECATED_OBJC_IMPLEMENTATIONS = YES;
				CLANG_WARN_DIRECT_OBJC_ISA_USAGE = YES_ERROR;
				CLANG_WARN_DOCUMENTATION_COMMENTS = YES;
				CLANG_WARN_EMPTY_BODY = YES;
				CLANG_WARN_ENUM_CONVERSION = YES;
				CLANG_WARN_INFINITE_RECURSION = YES;
				CLANG_WARN_INT_CONVERSION = YES;
				CLANG_WARN_NON_LITERAL_NULL_CONVERSION = YES;
				CLANG_WARN_OBJC_IMPLICIT_RETAIN_SELF = YES;
				CLANG_WARN_OBJC_LITERAL_CONVERSION = YES;
				CLANG_WARN_OBJC_ROOT_CLASS = YES_ERROR;
				CLANG_WARN_RANGE_LOOP_ANALYSIS = YES;
				CLANG_WARN_STRICT_PROTOTYPES = YES;
				CLANG_WARN_SUSPICIOUS_MOVE = YES;
				CLANG_WARN_UNGUARDED_AVAILABILITY = YES_AGGRESSIVE;
				CLANG_WARN_UNREACHABLE_CODE = YES;
				CLANG_WARN__DUPLICATE_METHOD_MATCH = YES;
				CODE_SIGN_IDENTITY = "iPhone Developer";
				COPY_PHASE_STRIP = NO;
				DEBUG_INFORMATION_FORMAT = dwarf;
				ENABLE_STRICT_OBJC_MSGSEND = YES;
				ENABLE_TESTABILITY = YES;
				GCC_C_LANGUAGE_STANDARD = gnu11;
				GCC_DYNAMIC_NO_PIC = NO;
				GCC_NO_COMMON_BLOCKS = YES;
				GCC_OPTIMIZATION_LEVEL = 0;
				GCC_PREPROCESSOR_DEFINITIONS = (
					"DEBUG=1",
					"$(inherited)",
				);
				GCC_WARN_64_TO_32_BIT_CONVERSION = YES;
				GCC_WARN_ABOUT_RETURN_TYPE = YES_ERROR;
				GCC_WARN_UNDECLARED_SELECTOR = YES;
				GCC_WARN_UNINITIALIZED_AUTOS = YES_AGGRESSIVE;
				GCC_WARN_UNUSED_FUNCTION = YES;
				GCC_WARN_UNUSED_VARIABLE = YES;
				IPHONEOS_DEPLOYMENT_TARGET = 12.1;
				MTL_ENABLE_DEBUG_INFO = INCLUDE_SOURCE;
				MTL_FAST_MATH = YES;
				ONLY_ACTIVE_ARCH = YES;
				SDKROOT = iphoneos;
				SWIFT_ACTIVE_COMPILATION_CONDITIONS = DEBUG;
				SWIFT_OPTIMIZATION_LEVEL = "-Onone";
			};
			name = Debug;
		};
		FA934E41225EA51300E3B202 /* Release */ = {
			isa = XCBuildConfiguration;
			buildSettings = {
				ALWAYS_SEARCH_USER_PATHS = NO;
				CLANG_ANALYZER_NONNULL = YES;
				CLANG_ANALYZER_NUMBER_OBJECT_CONVERSION = YES_AGGRESSIVE;
				CLANG_CXX_LANGUAGE_STANDARD = "gnu++14";
				CLANG_CXX_LIBRARY = "libc++";
				CLANG_ENABLE_MODULES = YES;
				CLANG_ENABLE_OBJC_ARC = YES;
				CLANG_ENABLE_OBJC_WEAK = YES;
				CLANG_WARN_BLOCK_CAPTURE_AUTORELEASING = YES;
				CLANG_WARN_BOOL_CONVERSION = YES;
				CLANG_WARN_COMMA = YES;
				CLANG_WARN_CONSTANT_CONVERSION = YES;
				CLANG_WARN_DEPRECATED_OBJC_IMPLEMENTATIONS = YES;
				CLANG_WARN_DIRECT_OBJC_ISA_USAGE = YES_ERROR;
				CLANG_WARN_DOCUMENTATION_COMMENTS = YES;
				CLANG_WARN_EMPTY_BODY = YES;
				CLANG_WARN_ENUM_CONVERSION = YES;
				CLANG_WARN_INFINITE_RECURSION = YES;
				CLANG_WARN_INT_CONVERSION = YES;
				CLANG_WARN_NON_LITERAL_NULL_CONVERSION = YES;
				CLANG_WARN_OBJC_IMPLICIT_RETAIN_SELF = YES;
				CLANG_WARN_OBJC_LITERAL_CONVERSION = YES;
				CLANG_WARN_OBJC_ROOT_CLASS = YES_ERROR;
				CLANG_WARN_RANGE_LOOP_ANALYSIS = YES;
				CLANG_WARN_STRICT_PROTOTYPES = YES;
				CLANG_WARN_SUSPICIOUS_MOVE = YES;
				CLANG_WARN_UNGUARDED_AVAILABILITY = YES_AGGRESSIVE;
				CLANG_WARN_UNREACHABLE_CODE = YES;
				CLANG_WARN__DUPLICATE_METHOD_MATCH = YES;
				CODE_SIGN_IDENTITY = "iPhone Developer";
				COPY_PHASE_STRIP = NO;
				DEBUG_INFORMATION_FORMAT = "dwarf-with-dsym";
				ENABLE_NS_ASSERTIONS = NO;
				ENABLE_STRICT_OBJC_MSGSEND = YES;
				GCC_C_LANGUAGE_STANDARD = gnu11;
				GCC_NO_COMMON_BLOCKS = YES;
				GCC_WARN_64_TO_32_BIT_CONVERSION = YES;
				GCC_WARN_ABOUT_RETURN_TYPE = YES_ERROR;
				GCC_WARN_UNDECLARED_SELECTOR = YES;
				GCC_WARN_UNINITIALIZED_AUTOS = YES_AGGRESSIVE;
				GCC_WARN_UNUSED_FUNCTION = YES;
				GCC_WARN_UNUSED_VARIABLE = YES;
				IPHONEOS_DEPLOYMENT_TARGET = 12.1;
				MTL_ENABLE_DEBUG_INFO = NO;
				MTL_FAST_MATH = YES;
				SDKROOT = iphoneos;
				SWIFT_COMPILATION_MODE = wholemodule;
				SWIFT_OPTIMIZATION_LEVEL = "-O";
				VALIDATE_PRODUCT = YES;
			};
			name = Release;
		};
		FA934E43225EA51300E3B202 /* Debug */ = {
			isa = XCBuildConfiguration;
			baseConfigurationReference = 40D0E1E435AD5C483D4437E4 /* Pods-Desafio-PicPay-Ricardo.debug.xcconfig */;
			buildSettings = {
				ASSETCATALOG_COMPILER_APPICON_NAME = AppIcon;
				CODE_SIGN_STYLE = Automatic;
				DEVELOPMENT_TEAM = KW44L7584U;
				INFOPLIST_FILE = "Desafio-PicPay-Ricardo/Info.plist";
				LD_RUNPATH_SEARCH_PATHS = (
					"$(inherited)",
					"@executable_path/Frameworks",
				);
				PRODUCT_BUNDLE_IDENTIFIER = "com.ricardohochman.Desafio-PicPay-Ricardo";
				PRODUCT_NAME = "$(TARGET_NAME)";
				SWIFT_VERSION = 4.2;
				TARGETED_DEVICE_FAMILY = "1,2";
			};
			name = Debug;
		};
		FA934E44225EA51300E3B202 /* Release */ = {
			isa = XCBuildConfiguration;
			baseConfigurationReference = A6B034967242A0158E59B79E /* Pods-Desafio-PicPay-Ricardo.release.xcconfig */;
			buildSettings = {
				ASSETCATALOG_COMPILER_APPICON_NAME = AppIcon;
				CODE_SIGN_STYLE = Automatic;
				DEVELOPMENT_TEAM = KW44L7584U;
				INFOPLIST_FILE = "Desafio-PicPay-Ricardo/Info.plist";
				LD_RUNPATH_SEARCH_PATHS = (
					"$(inherited)",
					"@executable_path/Frameworks",
				);
				PRODUCT_BUNDLE_IDENTIFIER = "com.ricardohochman.Desafio-PicPay-Ricardo";
				PRODUCT_NAME = "$(TARGET_NAME)";
				SWIFT_VERSION = 4.2;
				TARGETED_DEVICE_FAMILY = "1,2";
			};
			name = Release;
		};
		FA934E46225EA51300E3B202 /* Debug */ = {
			isa = XCBuildConfiguration;
			baseConfigurationReference = B75C8CF82AF9076033603124 /* Pods-Desafio-PicPay-RicardoTests.debug.xcconfig */;
			buildSettings = {
				ALWAYS_EMBED_SWIFT_STANDARD_LIBRARIES = YES;
				BUNDLE_LOADER = "$(TEST_HOST)";
				CODE_SIGN_STYLE = Automatic;
				DEVELOPMENT_TEAM = KW44L7584U;
				INFOPLIST_FILE = "Desafio-PicPay-RicardoTests/Info.plist";
				LD_RUNPATH_SEARCH_PATHS = (
					"$(inherited)",
					"@executable_path/Frameworks",
					"@loader_path/Frameworks",
				);
				PRODUCT_BUNDLE_IDENTIFIER = "com.ricardohochman.Desafio-PicPay-RicardoTests";
				PRODUCT_NAME = "$(TARGET_NAME)";
				SWIFT_VERSION = 4.2;
				TARGETED_DEVICE_FAMILY = "1,2";
				TEST_HOST = "$(BUILT_PRODUCTS_DIR)/Desafio-PicPay-Ricardo.app/Desafio-PicPay-Ricardo";
			};
			name = Debug;
		};
		FA934E47225EA51300E3B202 /* Release */ = {
			isa = XCBuildConfiguration;
			baseConfigurationReference = D4915BEFDE0235BD12117B51 /* Pods-Desafio-PicPay-RicardoTests.release.xcconfig */;
			buildSettings = {
				ALWAYS_EMBED_SWIFT_STANDARD_LIBRARIES = YES;
				BUNDLE_LOADER = "$(TEST_HOST)";
				CODE_SIGN_STYLE = Automatic;
				DEVELOPMENT_TEAM = KW44L7584U;
				INFOPLIST_FILE = "Desafio-PicPay-RicardoTests/Info.plist";
				LD_RUNPATH_SEARCH_PATHS = (
					"$(inherited)",
					"@executable_path/Frameworks",
					"@loader_path/Frameworks",
				);
				PRODUCT_BUNDLE_IDENTIFIER = "com.ricardohochman.Desafio-PicPay-RicardoTests";
				PRODUCT_NAME = "$(TARGET_NAME)";
				SWIFT_VERSION = 4.2;
				TARGETED_DEVICE_FAMILY = "1,2";
				TEST_HOST = "$(BUILT_PRODUCTS_DIR)/Desafio-PicPay-Ricardo.app/Desafio-PicPay-Ricardo";
			};
			name = Release;
		};
/* End XCBuildConfiguration section */

/* Begin XCConfigurationList section */
		FA934E1D225EA51200E3B202 /* Build configuration list for PBXProject "Desafio-PicPay-Ricardo" */ = {
			isa = XCConfigurationList;
			buildConfigurations = (
				FA934E40225EA51300E3B202 /* Debug */,
				FA934E41225EA51300E3B202 /* Release */,
			);
			defaultConfigurationIsVisible = 0;
			defaultConfigurationName = Release;
		};
		FA934E42225EA51300E3B202 /* Build configuration list for PBXNativeTarget "Desafio-PicPay-Ricardo" */ = {
			isa = XCConfigurationList;
			buildConfigurations = (
				FA934E43225EA51300E3B202 /* Debug */,
				FA934E44225EA51300E3B202 /* Release */,
			);
			defaultConfigurationIsVisible = 0;
			defaultConfigurationName = Release;
		};
		FA934E45225EA51300E3B202 /* Build configuration list for PBXNativeTarget "Desafio-PicPay-RicardoTests" */ = {
			isa = XCConfigurationList;
			buildConfigurations = (
				FA934E46225EA51300E3B202 /* Debug */,
				FA934E47225EA51300E3B202 /* Release */,
			);
			defaultConfigurationIsVisible = 0;
			defaultConfigurationName = Release;
		};
/* End XCConfigurationList section */

/* Begin XCVersionGroup section */
		FA934E2C225EA51200E3B202 /* Desafio_PicPay_Ricardo.xcdatamodeld */ = {
			isa = XCVersionGroup;
			children = (
				FA934E2D225EA51200E3B202 /* Desafio_PicPay_Ricardo.xcdatamodel */,
			);
			currentVersion = FA934E2D225EA51200E3B202 /* Desafio_PicPay_Ricardo.xcdatamodel */;
			path = Desafio_PicPay_Ricardo.xcdatamodeld;
			sourceTree = "<group>";
			versionGroupType = wrapper.xcdatamodel;
		};
/* End XCVersionGroup section */
	};
	rootObject = FA934E1A225EA51200E3B202 /* Project object */;
}
